
Microsoft Visual Studio Solution File, Format Version 12.00
# Visual Studio Version 16
VisualStudioVersion = 16.0.30204.135
MinimumVisualStudioVersion = 10.0.40219.1
Project("{FAE04EC0-301F-11D3-BF4B-00C04F79EFBC}") = "QuickWin", "QuickWin\QuickWin.csproj", "{96C709EC-65CE-45FD-96C5-525522AC2E6E}"
EndProject
Project("{FAE04EC0-301F-11D3-BF4B-00C04F79EFBC}") = "DwmTest", "dwmtest\DwmTest.csproj", "{9DD94FD4-28E9-413E-8835-AA1415E7A1E6}"
EndProject
Project("{FAE04EC0-301F-11D3-BF4B-00C04F79EFBC}") = "ObjectListView2012", "ObjectListView\ObjectListView2012.csproj", "{18FEDA0C-D147-4286-B39A-01204808106A}"
EndProject
Global
	GlobalSection(SolutionConfigurationPlatforms) = preSolution
		Debug|Any CPU = Debug|Any CPU
		Debug|x86 = Debug|x86
		Release|Any CPU = Release|Any CPU
		Release|x86 = Release|x86
	EndGlobalSection
	GlobalSection(ProjectConfigurationPlatforms) = postSolution
		{96C709EC-65CE-45FD-96C5-525522AC2E6E}.Debug|Any CPU.ActiveCfg = Debug|Any CPU
		{96C709EC-65CE-45FD-96C5-525522AC2E6E}.Debug|Any CPU.Build.0 = Debug|Any CPU
		{96C709EC-65CE-45FD-96C5-525522AC2E6E}.Debug|x86.ActiveCfg = Debug|Any CPU
		{96C709EC-65CE-45FD-96C5-525522AC2E6E}.Debug|x86.Build.0 = Debug|Any CPU
		{96C709EC-65CE-45FD-96C5-525522AC2E6E}.Release|Any CPU.ActiveCfg = Release|Any CPU
		{96C709EC-65CE-45FD-96C5-525522AC2E6E}.Release|Any CPU.Build.0 = Release|Any CPU
		{96C709EC-65CE-45FD-96C5-525522AC2E6E}.Release|x86.ActiveCfg = Release|Any CPU
		{96C709EC-65CE-45FD-96C5-525522AC2E6E}.Release|x86.Build.0 = Release|Any CPU
		{9DD94FD4-28E9-413E-8835-AA1415E7A1E6}.Debug|Any CPU.ActiveCfg = Debug|Any CPU
		{9DD94FD4-28E9-413E-8835-AA1415E7A1E6}.Debug|Any CPU.Build.0 = Debug|Any CPU
		{9DD94FD4-28E9-413E-8835-AA1415E7A1E6}.Debug|x86.ActiveCfg = Debug|Any CPU
		{9DD94FD4-28E9-413E-8835-AA1415E7A1E6}.Debug|x86.Build.0 = Debug|Any CPU
		{9DD94FD4-28E9-413E-8835-AA1415E7A1E6}.Release|Any CPU.ActiveCfg = Release|Any CPU
		{9DD94FD4-28E9-413E-8835-AA1415E7A1E6}.Release|Any CPU.Build.0 = Release|Any CPU
		{9DD94FD4-28E9-413E-8835-AA1415E7A1E6}.Release|x86.ActiveCfg = Release|Any CPU
		{9DD94FD4-28E9-413E-8835-AA1415E7A1E6}.Release|x86.Build.0 = Release|Any CPU
		{18FEDA0C-D147-4286-B39A-01204808106A}.Debug|Any CPU.ActiveCfg = Debug|Any CPU
		{18FEDA0C-D147-4286-B39A-01204808106A}.Debug|Any CPU.Build.0 = Debug|Any CPU
		{18FEDA0C-D147-4286-B39A-01204808106A}.Debug|x86.ActiveCfg = Debug|Any CPU
		{18FEDA0C-D147-4286-B39A-01204808106A}.Debug|x86.Build.0 = Debug|Any CPU
		{18FEDA0C-D147-4286-B39A-01204808106A}.Release|Any CPU.ActiveCfg = Release|Any CPU
		{18FEDA0C-D147-4286-B39A-01204808106A}.Release|Any CPU.Build.0 = Release|Any CPU
		{18FEDA0C-D147-4286-B39A-01204808106A}.Release|x86.ActiveCfg = Release|Any CPU
		{18FEDA0C-D147-4286-B39A-01204808106A}.Release|x86.Build.0 = Release|Any CPU
	EndGlobalSection
	GlobalSection(SolutionProperties) = preSolution
		HideSolutionNode = FALSE
	EndGlobalSection
	GlobalSection(ExtensibilityGlobals) = postSolution
		SolutionGuid = {7397B128-8F55-4319-AB5A-AB22833FC5A8}
	EndGlobalSection
EndGlobal
